
Microsoft Visual Studio Solution File, Format Version 12.00
# Visual Studio Version 17
VisualStudioVersion = 17.8.34511.84
MinimumVisualStudioVersion = 10.0.40219.1
Project("{FAE04EC0-301F-11D3-BF4B-00C04F79EFBC}") = "Kodlama-io", "Kodlama-io.csproj", "{7E0490A6-417E-4613-B190-56325D7A85C0}"
EndProject
Global
	GlobalSection(SolutionConfigurationPlatforms) = preSolution
		Debug|Any CPU = Debug|Any CPU
		Release|Any CPU = Release|Any CPU
	EndGlobalSection
	GlobalSection(ProjectConfigurationPlatforms) = postSolution
		{7E0490A6-417E-4613-B190-56325D7A85C0}.Debug|Any CPU.ActiveCfg = Debug|Any CPU
		{7E0490A6-417E-4613-B190-56325D7A85C0}.Debug|Any CPU.Build.0 = Debug|Any CPU
		{7E0490A6-417E-4613-B190-56325D7A85C0}.Release|Any CPU.ActiveCfg = Release|Any CPU
		{7E0490A6-417E-4613-B190-56325D7A85C0}.Release|Any CPU.Build.0 = Release|Any CPU
	EndGlobalSection
	GlobalSection(SolutionProperties) = preSolution
		HideSolutionNode = FALSE
	EndGlobalSection
	GlobalSection(ExtensibilityGlobals) = postSolution
		SolutionGuid = {5D43961E-0A9D-46C6-ACCC-2624161AD7C1}
	EndGlobalSection
EndGlobal
